
Microsoft Visual Studio Solution File, Format Version 12.00
# Visual Studio Version 17
VisualStudioVersion = 17.11.35222.181
MinimumVisualStudioVersion = 10.0.40219.1
Project("{9A19103F-16F7-4668-BE54-9A1E7A4F7556}") = "ClassLibrary1", "ClassLibrary1\ClassLibrary1.csproj", "{2E1FAE02-3F7E-477C-B803-9ADDF9655328}"
EndProject
Project("{9A19103F-16F7-4668-BE54-9A1E7A4F7556}") = "WinFormsApp1", "WinFormsApp1\WinFormsApp1.csproj", "{0BBA9B54-CCCC-4619-87A6-E40D06B57377}"
EndProject
Project("{9A19103F-16F7-4668-BE54-9A1E7A4F7556}") = "TestProject1", "TestProject1\TestProject1.csproj", "{B5BCE62C-A148-46B7-8652-41B0669BB032}"
EndProject
Project("{FAE04EC0-301F-11D3-BF4B-00C04F79EFBC}") = "console", "console\console.csproj", "{0CFA164C-4D28-476C-A3A9-E8EECCB2F07A}"
	ProjectSection(ProjectDependencies) = postProject
		{2E1FAE02-3F7E-477C-B803-9ADDF9655328} = {2E1FAE02-3F7E-477C-B803-9ADDF9655328}
	EndProjectSection
EndProject
Global
	GlobalSection(SolutionConfigurationPlatforms) = preSolution
		Debug|Any CPU = Debug|Any CPU
		Release|Any CPU = Release|Any CPU
	EndGlobalSection
	GlobalSection(ProjectConfigurationPlatforms) = postSolution
		{2E1FAE02-3F7E-477C-B803-9ADDF9655328}.Debug|Any CPU.ActiveCfg = Debug|Any CPU
		{2E1FAE02-3F7E-477C-B803-9ADDF9655328}.Debug|Any CPU.Build.0 = Debug|Any CPU
		{2E1FAE02-3F7E-477C-B803-9ADDF9655328}.Release|Any CPU.ActiveCfg = Release|Any CPU
		{2E1FAE02-3F7E-477C-B803-9ADDF9655328}.Release|Any CPU.Build.0 = Release|Any CPU
		{0BBA9B54-CCCC-4619-87A6-E40D06B57377}.Debug|Any CPU.ActiveCfg = Debug|Any CPU
		{0BBA9B54-CCCC-4619-87A6-E40D06B57377}.Debug|Any CPU.Build.0 = Debug|Any CPU
		{0BBA9B54-CCCC-4619-87A6-E40D06B57377}.Release|Any CPU.ActiveCfg = Release|Any CPU
		{0BBA9B54-CCCC-4619-87A6-E40D06B57377}.Release|Any CPU.Build.0 = Release|Any CPU
		{B5BCE62C-A148-46B7-8652-41B0669BB032}.Debug|Any CPU.ActiveCfg = Debug|Any CPU
		{B5BCE62C-A148-46B7-8652-41B0669BB032}.Debug|Any CPU.Build.0 = Debug|Any CPU
		{B5BCE62C-A148-46B7-8652-41B0669BB032}.Release|Any CPU.ActiveCfg = Release|Any CPU
		{B5BCE62C-A148-46B7-8652-41B0669BB032}.Release|Any CPU.Build.0 = Release|Any CPU
		{0CFA164C-4D28-476C-A3A9-E8EECCB2F07A}.Debug|Any CPU.ActiveCfg = Debug|Any CPU
		{0CFA164C-4D28-476C-A3A9-E8EECCB2F07A}.Debug|Any CPU.Build.0 = Debug|Any CPU
		{0CFA164C-4D28-476C-A3A9-E8EECCB2F07A}.Release|Any CPU.ActiveCfg = Release|Any CPU
		{0CFA164C-4D28-476C-A3A9-E8EECCB2F07A}.Release|Any CPU.Build.0 = Release|Any CPU
	EndGlobalSection
	GlobalSection(SolutionProperties) = preSolution
		HideSolutionNode = FALSE
	EndGlobalSection
	GlobalSection(ExtensibilityGlobals) = postSolution
		SolutionGuid = {3BD4947F-C2EE-47E8-83D4-8268AAAE8556}
	EndGlobalSection
EndGlobal
